// !$*UTF8*$!
{
	archiveVersion = 1;
	classes = {
	};
	objectVersion = 51;
	objects = {

/* Begin PBXBuildFile section */
		6D1111E227A367E600E33A12 /* LoginView.swift in Sources */ = {isa = PBXBuildFile; fileRef = 6D1111E127A367E600E33A12 /* LoginView.swift */; };
		6D386AF127A36BE3007D28B5 /* CodeViewProtocol.swift in Sources */ = {isa = PBXBuildFile; fileRef = 6D386AF027A36BE3007D28B5 /* CodeViewProtocol.swift */; };
		6D386AF527A371E0007D28B5 /* Localizable.strings in Resources */ = {isa = PBXBuildFile; fileRef = 6D386AF427A371E0007D28B5 /* Localizable.strings */; };
		6D386AF727A37848007D28B5 /* R.generated.swift in Sources */ = {isa = PBXBuildFile; fileRef = 6D386AF627A37848007D28B5 /* R.generated.swift */; };
		6D454EF027ACC88500260649 /* SignUpViewController.swift in Sources */ = {isa = PBXBuildFile; fileRef = 6D454EEF27ACC88500260649 /* SignUpViewController.swift */; };
		6D454EF427ACC99F00260649 /* LoginViewModel.swift in Sources */ = {isa = PBXBuildFile; fileRef = 6D454EF327ACC99F00260649 /* LoginViewModel.swift */; };
		6D587527279E185D000A3327 /* AppDelegate.swift in Sources */ = {isa = PBXBuildFile; fileRef = 6D587526279E185D000A3327 /* AppDelegate.swift */; };
		6D587529279E185D000A3327 /* SceneDelegate.swift in Sources */ = {isa = PBXBuildFile; fileRef = 6D587528279E185D000A3327 /* SceneDelegate.swift */; };
		6D587530279E1861000A3327 /* Assets.xcassets in Resources */ = {isa = PBXBuildFile; fileRef = 6D58752F279E1861000A3327 /* Assets.xcassets */; };
		6D587533279E1861000A3327 /* LaunchScreen.storyboard in Resources */ = {isa = PBXBuildFile; fileRef = 6D587531279E1861000A3327 /* LaunchScreen.storyboard */; };
		6D587543279E1B3D000A3327 /* LoginViewController.swift in Sources */ = {isa = PBXBuildFile; fileRef = 6D587542279E1B3D000A3327 /* LoginViewController.swift */; };
		6D82772527A4B0FD0098B2CD /* UIStackView+Extension.swift in Sources */ = {isa = PBXBuildFile; fileRef = 6D82772427A4B0FD0098B2CD /* UIStackView+Extension.swift */; };
		6D82772727A4B1A10098B2CD /* UITextField+Extension.swift in Sources */ = {isa = PBXBuildFile; fileRef = 6D82772627A4B1A10098B2CD /* UITextField+Extension.swift */; };
		6D82772B27A4C5540098B2CD /* SperatorPosition.swift in Sources */ = {isa = PBXBuildFile; fileRef = 6D82772A27A4C5540098B2CD /* SperatorPosition.swift */; };
		6DCC24C627A8042A000433D9 /* UIView+Extension.swift in Sources */ = {isa = PBXBuildFile; fileRef = 6DCC24C527A8042A000433D9 /* UIView+Extension.swift */; };
		E7E97C22A764291304DD5823 /* Pods_UberCloneApp.framework in Frameworks */ = {isa = PBXBuildFile; fileRef = 0683B7C9A19F455C7C297BFC /* Pods_UberCloneApp.framework */; };
/* End PBXBuildFile section */

/* Begin PBXFileReference section */
		0683B7C9A19F455C7C297BFC /* Pods_UberCloneApp.framework */ = {isa = PBXFileReference; explicitFileType = wrapper.framework; includeInIndex = 0; path = Pods_UberCloneApp.framework; sourceTree = BUILT_PRODUCTS_DIR; };
		188EC6A32CF031F2E196DD6B /* Pods-UberCloneApp.release.xcconfig */ = {isa = PBXFileReference; includeInIndex = 1; lastKnownFileType = text.xcconfig; name = "Pods-UberCloneApp.release.xcconfig"; path = "Target Support Files/Pods-UberCloneApp/Pods-UberCloneApp.release.xcconfig"; sourceTree = "<group>"; };
		6D1111E127A367E600E33A12 /* LoginView.swift */ = {isa = PBXFileReference; lastKnownFileType = sourcecode.swift; path = LoginView.swift; sourceTree = "<group>"; };
		6D386AF027A36BE3007D28B5 /* CodeViewProtocol.swift */ = {isa = PBXFileReference; lastKnownFileType = sourcecode.swift; path = CodeViewProtocol.swift; sourceTree = "<group>"; };
		6D386AF427A371E0007D28B5 /* Localizable.strings */ = {isa = PBXFileReference; lastKnownFileType = text.plist.strings; path = Localizable.strings; sourceTree = "<group>"; };
		6D386AF627A37848007D28B5 /* R.generated.swift */ = {isa = PBXFileReference; fileEncoding = 4; lastKnownFileType = sourcecode.swift; path = R.generated.swift; sourceTree = "<group>"; };
		6D454EEF27ACC88500260649 /* SignUpViewController.swift */ = {isa = PBXFileReference; lastKnownFileType = sourcecode.swift; path = SignUpViewController.swift; sourceTree = "<group>"; };
		6D454EF327ACC99F00260649 /* LoginViewModel.swift */ = {isa = PBXFileReference; lastKnownFileType = sourcecode.swift; path = LoginViewModel.swift; sourceTree = "<group>"; };
		6D587523279E185D000A3327 /* UberCloneApp.app */ = {isa = PBXFileReference; explicitFileType = wrapper.application; includeInIndex = 0; path = UberCloneApp.app; sourceTree = BUILT_PRODUCTS_DIR; };
		6D587526279E185D000A3327 /* AppDelegate.swift */ = {isa = PBXFileReference; lastKnownFileType = sourcecode.swift; path = AppDelegate.swift; sourceTree = "<group>"; };
		6D587528279E185D000A3327 /* SceneDelegate.swift */ = {isa = PBXFileReference; lastKnownFileType = sourcecode.swift; path = SceneDelegate.swift; sourceTree = "<group>"; };
		6D58752F279E1861000A3327 /* Assets.xcassets */ = {isa = PBXFileReference; lastKnownFileType = folder.assetcatalog; path = Assets.xcassets; sourceTree = "<group>"; };
		6D587532279E1861000A3327 /* Base */ = {isa = PBXFileReference; lastKnownFileType = file.storyboard; name = Base; path = Base.lproj/LaunchScreen.storyboard; sourceTree = "<group>"; };
		6D587534279E1861000A3327 /* Info.plist */ = {isa = PBXFileReference; lastKnownFileType = text.plist.xml; path = Info.plist; sourceTree = "<group>"; };
		6D587542279E1B3D000A3327 /* LoginViewController.swift */ = {isa = PBXFileReference; lastKnownFileType = sourcecode.swift; path = LoginViewController.swift; sourceTree = "<group>"; };
		6D82772427A4B0FD0098B2CD /* UIStackView+Extension.swift */ = {isa = PBXFileReference; lastKnownFileType = sourcecode.swift; path = "UIStackView+Extension.swift"; sourceTree = "<group>"; };
		6D82772627A4B1A10098B2CD /* UITextField+Extension.swift */ = {isa = PBXFileReference; lastKnownFileType = sourcecode.swift; path = "UITextField+Extension.swift"; sourceTree = "<group>"; };
		6D82772A27A4C5540098B2CD /* SperatorPosition.swift */ = {isa = PBXFileReference; lastKnownFileType = sourcecode.swift; path = SperatorPosition.swift; sourceTree = "<group>"; };
		6DCC24C527A8042A000433D9 /* UIView+Extension.swift */ = {isa = PBXFileReference; lastKnownFileType = sourcecode.swift; path = "UIView+Extension.swift"; sourceTree = "<group>"; };
		B4DBE5594BECADC617A09DF1 /* Pods-UberCloneApp.debug.xcconfig */ = {isa = PBXFileReference; includeInIndex = 1; lastKnownFileType = text.xcconfig; name = "Pods-UberCloneApp.debug.xcconfig"; path = "Target Support Files/Pods-UberCloneApp/Pods-UberCloneApp.debug.xcconfig"; sourceTree = "<group>"; };
/* End PBXFileReference section */

/* Begin PBXFrameworksBuildPhase section */
		6D587520279E185D000A3327 /* Frameworks */ = {
			isa = PBXFrameworksBuildPhase;
			buildActionMask = 2147483647;
			files = (
				E7E97C22A764291304DD5823 /* Pods_UberCloneApp.framework in Frameworks */,
			);
			runOnlyForDeploymentPostprocessing = 0;
		};
/* End PBXFrameworksBuildPhase section */

/* Begin PBXGroup section */
		56DC719211CD0DDDCB21750D /* Frameworks */ = {
			isa = PBXGroup;
			children = (
				0683B7C9A19F455C7C297BFC /* Pods_UberCloneApp.framework */,
			);
			name = Frameworks;
			sourceTree = "<group>";
		};
		6D1111E027A367D000E33A12 /* View */ = {
			isa = PBXGroup;
			children = (
				6D1111E127A367E600E33A12 /* LoginView.swift */,
			);
			path = View;
			sourceTree = "<group>";
		};
		6D386AEB27A369A0007D28B5 /* String */ = {
			isa = PBXGroup;
			children = (
				6D386AF427A371E0007D28B5 /* Localizable.strings */,
			);
			path = String;
			sourceTree = "<group>";
		};
		6D386AEE27A36BC2007D28B5 /* Common */ = {
			isa = PBXGroup;
			children = (
				6D82772927A4C5410098B2CD /* Enum */,
				6D82772327A4B0720098B2CD /* Extension */,
				6D386AEF27A36BCD007D28B5 /* Protocol */,
			);
			path = Common;
			sourceTree = "<group>";
		};
		6D386AEF27A36BCD007D28B5 /* Protocol */ = {
			isa = PBXGroup;
			children = (
				6D386AF027A36BE3007D28B5 /* CodeViewProtocol.swift */,
			);
			path = Protocol;
			sourceTree = "<group>";
		};
		6D454EED27ACC86900260649 /* SignUp */ = {
			isa = PBXGroup;
			children = (
				6D454EEE27ACC86F00260649 /* Controller */,
			);
			path = SignUp;
			sourceTree = "<group>";
		};
		6D454EEE27ACC86F00260649 /* Controller */ = {
			isa = PBXGroup;
			children = (
				6D454EEF27ACC88500260649 /* SignUpViewController.swift */,
			);
			path = Controller;
			sourceTree = "<group>";
		};
		6D454EF127ACC98600260649 /* ViewModel */ = {
			isa = PBXGroup;
			children = (
				6D454EF327ACC99F00260649 /* LoginViewModel.swift */,
			);
			path = ViewModel;
			sourceTree = "<group>";
		};
		6D58751A279E185D000A3327 = {
			isa = PBXGroup;
			children = (
				6D587525279E185D000A3327 /* UberCloneApp */,
				6D587524279E185D000A3327 /* Products */,
				AA46884E6E856FC4CD6E3976 /* Pods */,
				56DC719211CD0DDDCB21750D /* Frameworks */,
			);
			sourceTree = "<group>";
		};
		6D587524279E185D000A3327 /* Products */ = {
			isa = PBXGroup;
			children = (
				6D587523279E185D000A3327 /* UberCloneApp.app */,
			);
			name = Products;
			sourceTree = "<group>";
		};
		6D587525279E185D000A3327 /* UberCloneApp */ = {
			isa = PBXGroup;
			children = (
				6D58753A279E19D7000A3327 /* Resource */,
				6D58753B279E19DC000A3327 /* Source */,
				6D587531279E1861000A3327 /* LaunchScreen.storyboard */,
				6D587534279E1861000A3327 /* Info.plist */,
			);
			path = UberCloneApp;
			sourceTree = "<group>";
		};
		6D58753A279E19D7000A3327 /* Resource */ = {
			isa = PBXGroup;
			children = (
				6D58753D279E1A26000A3327 /* Assets */,
				6D386AEB27A369A0007D28B5 /* String */,
				6D386AF627A37848007D28B5 /* R.generated.swift */,
			);
			path = Resource;
			sourceTree = "<group>";
		};
		6D58753B279E19DC000A3327 /* Source */ = {
			isa = PBXGroup;
			children = (
				6D58753C279E19F7000A3327 /* Application */,
				6D386AEE27A36BC2007D28B5 /* Common */,
				6D58753F279E1B01000A3327 /* Module */,
				6D58753E279E1A51000A3327 /* Service */,
			);
			path = Source;
			sourceTree = "<group>";
		};
		6D58753C279E19F7000A3327 /* Application */ = {
			isa = PBXGroup;
			children = (
				6D587526279E185D000A3327 /* AppDelegate.swift */,
				6D587528279E185D000A3327 /* SceneDelegate.swift */,
			);
			path = Application;
			sourceTree = "<group>";
		};
		6D58753D279E1A26000A3327 /* Assets */ = {
			isa = PBXGroup;
			children = (
				6D58752F279E1861000A3327 /* Assets.xcassets */,
			);
			path = Assets;
			sourceTree = "<group>";
		};
		6D58753E279E1A51000A3327 /* Service */ = {
			isa = PBXGroup;
			children = (
			);
			path = Service;
			sourceTree = "<group>";
		};
		6D58753F279E1B01000A3327 /* Module */ = {
			isa = PBXGroup;
			children = (
				6D454EED27ACC86900260649 /* SignUp */,
				6D587540279E1B10000A3327 /* Login */,
			);
			path = Module;
			sourceTree = "<group>";
		};
		6D587540279E1B10000A3327 /* Login */ = {
			isa = PBXGroup;
			children = (
				6D1111E027A367D000E33A12 /* View */,
				6D587541279E1B2E000A3327 /* ViewController */,
				6D454EF127ACC98600260649 /* ViewModel */,
			);
			path = Login;
			sourceTree = "<group>";
		};
		6D587541279E1B2E000A3327 /* ViewController */ = {
			isa = PBXGroup;
			children = (
				6D587542279E1B3D000A3327 /* LoginViewController.swift */,
			);
			path = ViewController;
			sourceTree = "<group>";
		};
		6D82772327A4B0720098B2CD /* Extension */ = {
			isa = PBXGroup;
			children = (
				6D82772427A4B0FD0098B2CD /* UIStackView+Extension.swift */,
				6D82772627A4B1A10098B2CD /* UITextField+Extension.swift */,
				6DCC24C527A8042A000433D9 /* UIView+Extension.swift */,
			);
			path = Extension;
			sourceTree = "<group>";
		};
		6D82772927A4C5410098B2CD /* Enum */ = {
			isa = PBXGroup;
			children = (
				6D82772A27A4C5540098B2CD /* SperatorPosition.swift */,
			);
			path = Enum;
			sourceTree = "<group>";
		};
		AA46884E6E856FC4CD6E3976 /* Pods */ = {
			isa = PBXGroup;
			children = (
				B4DBE5594BECADC617A09DF1 /* Pods-UberCloneApp.debug.xcconfig */,
				188EC6A32CF031F2E196DD6B /* Pods-UberCloneApp.release.xcconfig */,
			);
			path = Pods;
			sourceTree = "<group>";
		};
/* End PBXGroup section */

/* Begin PBXNativeTarget section */
		6D587522279E185D000A3327 /* UberCloneApp */ = {
			isa = PBXNativeTarget;
			buildConfigurationList = 6D587537279E1861000A3327 /* Build configuration list for PBXNativeTarget "UberCloneApp" */;
			buildPhases = (
				9A602268AF8A2A8ACD2ECB21 /* [CP] Check Pods Manifest.lock */,
				6D1111DD27A365A000E33A12 /* R.Swift */,
				6D58751F279E185D000A3327 /* Sources */,
				6D587520279E185D000A3327 /* Frameworks */,
				6D587521279E185D000A3327 /* Resources */,
				6E9492FCC3D1A568A19CA173 /* [CP] Embed Pods Frameworks */,
			);
			buildRules = (
			);
			dependencies = (
			);
			name = UberCloneApp;
			productName = UberCloneApp;
			productReference = 6D587523279E185D000A3327 /* UberCloneApp.app */;
			productType = "com.apple.product-type.application";
		};
/* End PBXNativeTarget section */

/* Begin PBXProject section */
		6D58751B279E185D000A3327 /* Project object */ = {
			isa = PBXProject;
			attributes = {
				LastSwiftUpdateCheck = 1250;
				LastUpgradeCheck = 1250;
				TargetAttributes = {
					6D587522279E185D000A3327 = {
						CreatedOnToolsVersion = 12.5;
					};
				};
			};
			buildConfigurationList = 6D58751E279E185D000A3327 /* Build configuration list for PBXProject "UberCloneApp" */;
			compatibilityVersion = "Xcode 9.3";
			developmentRegion = en;
			hasScannedForEncodings = 0;
			knownRegions = (
				en,
				Base,
			);
			mainGroup = 6D58751A279E185D000A3327;
			productRefGroup = 6D587524279E185D000A3327 /* Products */;
			projectDirPath = "";
			projectRoot = "";
			targets = (
				6D587522279E185D000A3327 /* UberCloneApp */,
			);
		};
/* End PBXProject section */

/* Begin PBXResourcesBuildPhase section */
		6D587521279E185D000A3327 /* Resources */ = {
			isa = PBXResourcesBuildPhase;
			buildActionMask = 2147483647;
			files = (
				6D587533279E1861000A3327 /* LaunchScreen.storyboard in Resources */,
				6D386AF527A371E0007D28B5 /* Localizable.strings in Resources */,
				6D587530279E1861000A3327 /* Assets.xcassets in Resources */,
			);
			runOnlyForDeploymentPostprocessing = 0;
		};
/* End PBXResourcesBuildPhase section */

/* Begin PBXShellScriptBuildPhase section */
		6D1111DD27A365A000E33A12 /* R.Swift */ = {
			isa = PBXShellScriptBuildPhase;
			buildActionMask = 2147483647;
			files = (
			);
			inputFileListPaths = (
			);
			inputPaths = (
				"$TEMP_DIR/rswift-lastrun",
			);
			name = R.Swift;
			outputFileListPaths = (
			);
			outputPaths = (
				$SRCROOT/UberCloneApp/Resource/R.generated.swift,
			);
			runOnlyForDeploymentPostprocessing = 0;
			shellPath = /bin/sh;
			shellScript = "\"$PODS_ROOT/R.swift/rswift\" generate \"$SRCROOT/UberCloneApp/Resource/R.generated.swift\"\n";
		};
		6E9492FCC3D1A568A19CA173 /* [CP] Embed Pods Frameworks */ = {
			isa = PBXShellScriptBuildPhase;
			buildActionMask = 2147483647;
			files = (
			);
			inputFileListPaths = (
				"${PODS_ROOT}/Target Support Files/Pods-UberCloneApp/Pods-UberCloneApp-frameworks-${CONFIGURATION}-input-files.xcfilelist",
			);
			name = "[CP] Embed Pods Frameworks";
			outputFileListPaths = (
				"${PODS_ROOT}/Target Support Files/Pods-UberCloneApp/Pods-UberCloneApp-frameworks-${CONFIGURATION}-output-files.xcfilelist",
			);
			runOnlyForDeploymentPostprocessing = 0;
			shellPath = /bin/sh;
			shellScript = "\"${PODS_ROOT}/Target Support Files/Pods-UberCloneApp/Pods-UberCloneApp-frameworks.sh\"\n";
			showEnvVarsInLog = 0;
		};
		9A602268AF8A2A8ACD2ECB21 /* [CP] Check Pods Manifest.lock */ = {
			isa = PBXShellScriptBuildPhase;
			buildActionMask = 2147483647;
			files = (
			);
			inputFileListPaths = (
			);
			inputPaths = (
				"${PODS_PODFILE_DIR_PATH}/Podfile.lock",
				"${PODS_ROOT}/Manifest.lock",
			);
			name = "[CP] Check Pods Manifest.lock";
			outputFileListPaths = (
			);
			outputPaths = (
				"$(DERIVED_FILE_DIR)/Pods-UberCloneApp-checkManifestLockResult.txt",
			);
			runOnlyForDeploymentPostprocessing = 0;
			shellPath = /bin/sh;
			shellScript = "diff \"${PODS_PODFILE_DIR_PATH}/Podfile.lock\" \"${PODS_ROOT}/Manifest.lock\" > /dev/null\nif [ $? != 0 ] ; then\n    # print error to STDERR\n    echo \"error: The sandbox is not in sync with the Podfile.lock. Run 'pod install' or update your CocoaPods installation.\" >&2\n    exit 1\nfi\n# This output is used by Xcode 'outputs' to avoid re-running this script phase.\necho \"SUCCESS\" > \"${SCRIPT_OUTPUT_FILE_0}\"\n";
			showEnvVarsInLog = 0;
		};
/* End PBXShellScriptBuildPhase section */

/* Begin PBXSourcesBuildPhase section */
		6D58751F279E185D000A3327 /* Sources */ = {
			isa = PBXSourcesBuildPhase;
			buildActionMask = 2147483647;
			files = (
				6D386AF127A36BE3007D28B5 /* CodeViewProtocol.swift in Sources */,
				6D82772527A4B0FD0098B2CD /* UIStackView+Extension.swift in Sources */,
				6D587527279E185D000A3327 /* AppDelegate.swift in Sources */,
				6D587543279E1B3D000A3327 /* LoginViewController.swift in Sources */,
				6D587529279E185D000A3327 /* SceneDelegate.swift in Sources */,
				6D82772727A4B1A10098B2CD /* UITextField+Extension.swift in Sources */,
				6D1111E227A367E600E33A12 /* LoginView.swift in Sources */,
				6D82772B27A4C5540098B2CD /* SperatorPosition.swift in Sources */,
				6D454EF427ACC99F00260649 /* LoginViewModel.swift in Sources */,
				6DCC24C627A8042A000433D9 /* UIView+Extension.swift in Sources */,
				6D454EF027ACC88500260649 /* SignUpViewController.swift in Sources */,
				6D386AF727A37848007D28B5 /* R.generated.swift in Sources */,
			);
			runOnlyForDeploymentPostprocessing = 0;
		};
/* End PBXSourcesBuildPhase section */

/* Begin PBXVariantGroup section */
		6D587531279E1861000A3327 /* LaunchScreen.storyboard */ = {
			isa = PBXVariantGroup;
			children = (
				6D587532279E1861000A3327 /* Base */,
			);
			name = LaunchScreen.storyboard;
			sourceTree = "<group>";
		};
/* End PBXVariantGroup section */

/* Begin XCBuildConfiguration section */
		6D587535279E1861000A3327 /* Debug */ = {
			isa = XCBuildConfiguration;
			buildSettings = {
				ALWAYS_SEARCH_USER_PATHS = NO;
				CLANG_ANALYZER_NONNULL = YES;
				CLANG_ANALYZER_NUMBER_OBJECT_CONVERSION = YES_AGGRESSIVE;
				CLANG_CXX_LANGUAGE_STANDARD = "gnu++14";
				CLANG_CXX_LIBRARY = "libc++";
				CLANG_ENABLE_MODULES = YES;
				CLANG_ENABLE_OBJC_ARC = YES;
				CLANG_ENABLE_OBJC_WEAK = YES;
				CLANG_WARN_BLOCK_CAPTURE_AUTORELEASING = YES;
				CLANG_WARN_BOOL_CONVERSION = YES;
				CLANG_WARN_COMMA = YES;
				CLANG_WARN_CONSTANT_CONVERSION = YES;
				CLANG_WARN_DEPRECATED_OBJC_IMPLEMENTATIONS = YES;
				CLANG_WARN_DIRECT_OBJC_ISA_USAGE = YES_ERROR;
				CLANG_WARN_DOCUMENTATION_COMMENTS = YES;
				CLANG_WARN_EMPTY_BODY = YES;
				CLANG_WARN_ENUM_CONVERSION = YES;
				CLANG_WARN_INFINITE_RECURSION = YES;
				CLANG_WARN_INT_CONVERSION = YES;
				CLANG_WARN_NON_LITERAL_NULL_CONVERSION = YES;
				CLANG_WARN_OBJC_IMPLICIT_RETAIN_SELF = YES;
				CLANG_WARN_OBJC_LITERAL_CONVERSION = YES;
				CLANG_WARN_OBJC_ROOT_CLASS = YES_ERROR;
				CLANG_WARN_QUOTED_INCLUDE_IN_FRAMEWORK_HEADER = YES;
				CLANG_WARN_RANGE_LOOP_ANALYSIS = YES;
				CLANG_WARN_STRICT_PROTOTYPES = YES;
				CLANG_WARN_SUSPICIOUS_MOVE = YES;
				CLANG_WARN_UNGUARDED_AVAILABILITY = YES_AGGRESSIVE;
				CLANG_WARN_UNREACHABLE_CODE = YES;
				CLANG_WARN__DUPLICATE_METHOD_MATCH = YES;
				COPY_PHASE_STRIP = NO;
				DEBUG_INFORMATION_FORMAT = dwarf;
				ENABLE_STRICT_OBJC_MSGSEND = YES;
				ENABLE_TESTABILITY = YES;
				GCC_C_LANGUAGE_STANDARD = gnu11;
				GCC_DYNAMIC_NO_PIC = NO;
				GCC_NO_COMMON_BLOCKS = YES;
				GCC_OPTIMIZATION_LEVEL = 0;
				GCC_PREPROCESSOR_DEFINITIONS = (
					"DEBUG=1",
					"$(inherited)",
				);
				GCC_WARN_64_TO_32_BIT_CONVERSION = YES;
				GCC_WARN_ABOUT_RETURN_TYPE = YES_ERROR;
				GCC_WARN_UNDECLARED_SELECTOR = YES;
				GCC_WARN_UNINITIALIZED_AUTOS = YES_AGGRESSIVE;
				GCC_WARN_UNUSED_FUNCTION = YES;
				GCC_WARN_UNUSED_VARIABLE = YES;
				IPHONEOS_DEPLOYMENT_TARGET = 14.5;
				MTL_ENABLE_DEBUG_INFO = INCLUDE_SOURCE;
				MTL_FAST_MATH = YES;
				ONLY_ACTIVE_ARCH = YES;
				SDKROOT = iphoneos;
				SWIFT_ACTIVE_COMPILATION_CONDITIONS = DEBUG;
				SWIFT_OPTIMIZATION_LEVEL = "-Onone";
			};
			name = Debug;
		};
		6D587536279E1861000A3327 /* Release */ = {
			isa = XCBuildConfiguration;
			buildSettings = {
				ALWAYS_SEARCH_USER_PATHS = NO;
				CLANG_ANALYZER_NONNULL = YES;
				CLANG_ANALYZER_NUMBER_OBJECT_CONVERSION = YES_AGGRESSIVE;
				CLANG_CXX_LANGUAGE_STANDARD = "gnu++14";
				CLANG_CXX_LIBRARY = "libc++";
				CLANG_ENABLE_MODULES = YES;
				CLANG_ENABLE_OBJC_ARC = YES;
				CLANG_ENABLE_OBJC_WEAK = YES;
				CLANG_WARN_BLOCK_CAPTURE_AUTORELEASING = YES;
				CLANG_WARN_BOOL_CONVERSION = YES;
				CLANG_WARN_COMMA = YES;
				CLANG_WARN_CONSTANT_CONVERSION = YES;
				CLANG_WARN_DEPRECATED_OBJC_IMPLEMENTATIONS = YES;
				CLANG_WARN_DIRECT_OBJC_ISA_USAGE = YES_ERROR;
				CLANG_WARN_DOCUMENTATION_COMMENTS = YES;
				CLANG_WARN_EMPTY_BODY = YES;
				CLANG_WARN_ENUM_CONVERSION = YES;
				CLANG_WARN_INFINITE_RECURSION = YES;
				CLANG_WARN_INT_CONVERSION = YES;
				CLANG_WARN_NON_LITERAL_NULL_CONVERSION = YES;
				CLANG_WARN_OBJC_IMPLICIT_RETAIN_SELF = YES;
				CLANG_WARN_OBJC_LITERAL_CONVERSION = YES;
				CLANG_WARN_OBJC_ROOT_CLASS = YES_ERROR;
				CLANG_WARN_QUOTED_INCLUDE_IN_FRAMEWORK_HEADER = YES;
				CLANG_WARN_RANGE_LOOP_ANALYSIS = YES;
				CLANG_WARN_STRICT_PROTOTYPES = YES;
				CLANG_WARN_SUSPICIOUS_MOVE = YES;
				CLANG_WARN_UNGUARDED_AVAILABILITY = YES_AGGRESSIVE;
				CLANG_WARN_UNREACHABLE_CODE = YES;
				CLANG_WARN__DUPLICATE_METHOD_MATCH = YES;
				COPY_PHASE_STRIP = NO;
				DEBUG_INFORMATION_FORMAT = "dwarf-with-dsym";
				ENABLE_NS_ASSERTIONS = NO;
				ENABLE_STRICT_OBJC_MSGSEND = YES;
				GCC_C_LANGUAGE_STANDARD = gnu11;
				GCC_NO_COMMON_BLOCKS = YES;
				GCC_WARN_64_TO_32_BIT_CONVERSION = YES;
				GCC_WARN_ABOUT_RETURN_TYPE = YES_ERROR;
				GCC_WARN_UNDECLARED_SELECTOR = YES;
				GCC_WARN_UNINITIALIZED_AUTOS = YES_AGGRESSIVE;
				GCC_WARN_UNUSED_FUNCTION = YES;
				GCC_WARN_UNUSED_VARIABLE = YES;
				IPHONEOS_DEPLOYMENT_TARGET = 14.5;
				MTL_ENABLE_DEBUG_INFO = NO;
				MTL_FAST_MATH = YES;
				SDKROOT = iphoneos;
				SWIFT_COMPILATION_MODE = wholemodule;
				SWIFT_OPTIMIZATION_LEVEL = "-O";
				VALIDATE_PRODUCT = YES;
			};
			name = Release;
		};
		6D587538279E1861000A3327 /* Debug */ = {
			isa = XCBuildConfiguration;
			baseConfigurationReference = B4DBE5594BECADC617A09DF1 /* Pods-UberCloneApp.debug.xcconfig */;
			buildSettings = {
				ASSETCATALOG_COMPILER_APPICON_NAME = AppIcon;
				ASSETCATALOG_COMPILER_GLOBAL_ACCENT_COLOR_NAME = AccentColor;
				CODE_SIGN_STYLE = Automatic;
				DEVELOPMENT_TEAM = 5VN324YR98;
				INFOPLIST_FILE = UberCloneApp/Info.plist;
				LD_RUNPATH_SEARCH_PATHS = (
					"$(inherited)",
					"@executable_path/Frameworks",
				);
				PRODUCT_BUNDLE_IDENTIFIER = com.matheusevangelista.UberCloneApp;
				PRODUCT_NAME = "$(TARGET_NAME)";
				SWIFT_VERSION = 5.0;
				TARGETED_DEVICE_FAMILY = "1,2";
			};
			name = Debug;
		};
		6D587539279E1861000A3327 /* Release */ = {
			isa = XCBuildConfiguration;
			baseConfigurationReference = 188EC6A32CF031F2E196DD6B /* Pods-UberCloneApp.release.xcconfig */;
			buildSettings = {
				ASSETCATALOG_COMPILER_APPICON_NAME = AppIcon;
				ASSETCATALOG_COMPILER_GLOBAL_ACCENT_COLOR_NAME = AccentColor;
				CODE_SIGN_STYLE = Automatic;
				DEVELOPMENT_TEAM = 5VN324YR98;
				INFOPLIST_FILE = UberCloneApp/Info.plist;
				LD_RUNPATH_SEARCH_PATHS = (
					"$(inherited)",
					"@executable_path/Frameworks",
				);
				PRODUCT_BUNDLE_IDENTIFIER = com.matheusevangelista.UberCloneApp;
				PRODUCT_NAME = "$(TARGET_NAME)";
				SWIFT_VERSION = 5.0;
				TARGETED_DEVICE_FAMILY = "1,2";
			};
			name = Release;
		};
/* End XCBuildConfiguration section */

/* Begin XCConfigurationList section */
		6D58751E279E185D000A3327 /* Build configuration list for PBXProject "UberCloneApp" */ = {
			isa = XCConfigurationList;
			buildConfigurations = (
				6D587535279E1861000A3327 /* Debug */,
				6D587536279E1861000A3327 /* Release */,
			);
			defaultConfigurationIsVisible = 0;
			defaultConfigurationName = Release;
		};
		6D587537279E1861000A3327 /* Build configuration list for PBXNativeTarget "UberCloneApp" */ = {
			isa = XCConfigurationList;
			buildConfigurations = (
				6D587538279E1861000A3327 /* Debug */,
				6D587539279E1861000A3327 /* Release */,
			);
			defaultConfigurationIsVisible = 0;
			defaultConfigurationName = Release;
		};
/* End XCConfigurationList section */
	};
	rootObject = 6D58751B279E185D000A3327 /* Project object */;
}
